
Microsoft Visual Studio Solution File, Format Version 12.00
# Visual Studio Version 17
VisualStudioVersion = 17.2.32516.85
MinimumVisualStudioVersion = 10.0.40219.1
Project("{9A19103F-16F7-4668-BE54-9A1E7A4F7556}") = "ExtractingSteelBeamData", "ExtractingSteelBeamData\ExtractingSteelBeamData.csproj", "{38984DD1-D052-4B17-B2E0-8C96E04EF353}"
EndProject
Project("{FAE04EC0-301F-11D3-BF4B-00C04F79EFBC}") = "Extracting1DElementData", "Extracting1DElementData\Extracting1DElementData.csproj", "{642C6C7B-DBDF-4865-91FD-56609D661E71}"
EndProject
Project("{9A19103F-16F7-4668-BE54-9A1E7A4F7556}") = "CreatingAndAnalyzingModel", "CreatingAndAnalyzingModel\CreatingAndAnalyzingModel.csproj", "{3EC3F9B8-94DF-4BD5-8074-7B39A6834DA4}"
EndProject
Project("{FAE04EC0-301F-11D3-BF4B-00C04F79EFBC}") = "ExtractingResultsTableItem", "ExtractingResultsTableItem\ExtractingResultsTableItem.csproj", "{36DA71E5-9802-4A27-91C7-0B484DB33790}"
EndProject
Project("{FAE04EC0-301F-11D3-BF4B-00C04F79EFBC}") = "ExtractingModelData", "ExtractingModelData\ExtractingModelData.csproj", "{372E7664-E1DE-4002-A9C5-B9EAE50B6ACC}"
EndProject
Project("{FAE04EC0-301F-11D3-BF4B-00C04F79EFBC}") = "ReactingToSelection", "ReactingToSelection\ReactingToSelection.csproj", "{3EA249F1-12C3-45EB-813F-C18DFBEECE6A}"
EndProject
Project("{FAE04EC0-301F-11D3-BF4B-00C04F79EFBC}") = "ExportingFireCheckDataToUDA", "ExportingFireCheckDataToUDA\ExportingFireCheckDataToUDA.csproj", "{B8D97D9C-45A5-4ABE-ABAC-B36320E48DCF}"
EndProject
Global
	GlobalSection(SolutionConfigurationPlatforms) = preSolution
		Debug|Any CPU = Debug|Any CPU
		Release|Any CPU = Release|Any CPU
	EndGlobalSection
	GlobalSection(ProjectConfigurationPlatforms) = postSolution
		{38984DD1-D052-4B17-B2E0-8C96E04EF353}.Debug|Any CPU.ActiveCfg = Debug|Any CPU
		{38984DD1-D052-4B17-B2E0-8C96E04EF353}.Debug|Any CPU.Build.0 = Debug|Any CPU
		{38984DD1-D052-4B17-B2E0-8C96E04EF353}.Release|Any CPU.ActiveCfg = Release|Any CPU
		{38984DD1-D052-4B17-B2E0-8C96E04EF353}.Release|Any CPU.Build.0 = Release|Any CPU
		{642C6C7B-DBDF-4865-91FD-56609D661E71}.Debug|Any CPU.ActiveCfg = Debug|Any CPU
		{642C6C7B-DBDF-4865-91FD-56609D661E71}.Debug|Any CPU.Build.0 = Debug|Any CPU
		{642C6C7B-DBDF-4865-91FD-56609D661E71}.Release|Any CPU.ActiveCfg = Release|Any CPU
		{642C6C7B-DBDF-4865-91FD-56609D661E71}.Release|Any CPU.Build.0 = Release|Any CPU
		{3EC3F9B8-94DF-4BD5-8074-7B39A6834DA4}.Debug|Any CPU.ActiveCfg = Debug|Any CPU
		{3EC3F9B8-94DF-4BD5-8074-7B39A6834DA4}.Debug|Any CPU.Build.0 = Debug|Any CPU
		{3EC3F9B8-94DF-4BD5-8074-7B39A6834DA4}.Release|Any CPU.ActiveCfg = Release|Any CPU
		{3EC3F9B8-94DF-4BD5-8074-7B39A6834DA4}.Release|Any CPU.Build.0 = Release|Any CPU
		{36DA71E5-9802-4A27-91C7-0B484DB33790}.Debug|Any CPU.ActiveCfg = Debug|Any CPU
		{36DA71E5-9802-4A27-91C7-0B484DB33790}.Debug|Any CPU.Build.0 = Debug|Any CPU
		{36DA71E5-9802-4A27-91C7-0B484DB33790}.Release|Any CPU.ActiveCfg = Release|Any CPU
		{36DA71E5-9802-4A27-91C7-0B484DB33790}.Release|Any CPU.Build.0 = Release|Any CPU
		{372E7664-E1DE-4002-A9C5-B9EAE50B6ACC}.Debug|Any CPU.ActiveCfg = Debug|Any CPU
		{372E7664-E1DE-4002-A9C5-B9EAE50B6ACC}.Debug|Any CPU.Build.0 = Debug|Any CPU
		{372E7664-E1DE-4002-A9C5-B9EAE50B6ACC}.Release|Any CPU.ActiveCfg = Release|Any CPU
		{372E7664-E1DE-4002-A9C5-B9EAE50B6ACC}.Release|Any CPU.Build.0 = Release|Any CPU
		{3EA249F1-12C3-45EB-813F-C18DFBEECE6A}.Debug|Any CPU.ActiveCfg = Debug|Any CPU
		{3EA249F1-12C3-45EB-813F-C18DFBEECE6A}.Debug|Any CPU.Build.0 = Debug|Any CPU
		{3EA249F1-12C3-45EB-813F-C18DFBEECE6A}.Release|Any CPU.ActiveCfg = Release|Any CPU
		{3EA249F1-12C3-45EB-813F-C18DFBEECE6A}.Release|Any CPU.Build.0 = Release|Any CPU
		{B8D97D9C-45A5-4ABE-ABAC-B36320E48DCF}.Debug|Any CPU.ActiveCfg = Debug|Any CPU
		{B8D97D9C-45A5-4ABE-ABAC-B36320E48DCF}.Debug|Any CPU.Build.0 = Debug|Any CPU
		{B8D97D9C-45A5-4ABE-ABAC-B36320E48DCF}.Release|Any CPU.ActiveCfg = Release|Any CPU
		{B8D97D9C-45A5-4ABE-ABAC-B36320E48DCF}.Release|Any CPU.Build.0 = Release|Any CPU
	EndGlobalSection
	GlobalSection(SolutionProperties) = preSolution
		HideSolutionNode = FALSE
	EndGlobalSection
	GlobalSection(ExtensibilityGlobals) = postSolution
		SolutionGuid = {E88C85FC-48A6-4805-A86B-CD7F7F2B1934}
	EndGlobalSection
EndGlobal
