
Microsoft Visual Studio Solution File, Format Version 12.00
# Visual Studio Version 17
VisualStudioVersion = 17.2.32516.85
MinimumVisualStudioVersion = 10.0.40219.1
Project("{9A19103F-16F7-4668-BE54-9A1E7A4F7556}") = "ExtractingSteelBeamData", "ExtractingSteelBeamData\ExtractingSteelBeamData.csproj", "{38984DD1-D052-4B17-B2E0-8C96E04EF353}"
EndProject
Project("{FAE04EC0-301F-11D3-BF4B-00C04F79EFBC}") = "Extracting1DElementData", "Extracting1DElementData\Extracting1DElementData.csproj", "{642C6C7B-DBDF-4865-91FD-56609D661E71}"
EndProject
Project("{9A19103F-16F7-4668-BE54-9A1E7A4F7556}") = "CreatingAndAnalyzingModel", "CreatingAndAnalyzingModel\CreatingAndAnalyzingModel.csproj", "{3EC3F9B8-94DF-4BD5-8074-7B39A6834DA4}"
EndProject
Global
	GlobalSection(SolutionConfigurationPlatforms) = preSolution
		Debug|Any CPU = Debug|Any CPU
		Release|Any CPU = Release|Any CPU
	EndGlobalSection
	GlobalSection(ProjectConfigurationPlatforms) = postSolution
		{38984DD1-D052-4B17-B2E0-8C96E04EF353}.Debug|Any CPU.ActiveCfg = Debug|Any CPU
		{38984DD1-D052-4B17-B2E0-8C96E04EF353}.Debug|Any CPU.Build.0 = Debug|Any CPU
		{38984DD1-D052-4B17-B2E0-8C96E04EF353}.Release|Any CPU.ActiveCfg = Release|Any CPU
		{38984DD1-D052-4B17-B2E0-8C96E04EF353}.Release|Any CPU.Build.0 = Release|Any CPU
		{642C6C7B-DBDF-4865-91FD-56609D661E71}.Debug|Any CPU.ActiveCfg = Debug|Any CPU
		{642C6C7B-DBDF-4865-91FD-56609D661E71}.Debug|Any CPU.Build.0 = Debug|Any CPU
		{642C6C7B-DBDF-4865-91FD-56609D661E71}.Release|Any CPU.ActiveCfg = Release|Any CPU
		{642C6C7B-DBDF-4865-91FD-56609D661E71}.Release|Any CPU.Build.0 = Release|Any CPU
		{3EC3F9B8-94DF-4BD5-8074-7B39A6834DA4}.Debug|Any CPU.ActiveCfg = Debug|Any CPU
		{3EC3F9B8-94DF-4BD5-8074-7B39A6834DA4}.Debug|Any CPU.Build.0 = Debug|Any CPU
		{3EC3F9B8-94DF-4BD5-8074-7B39A6834DA4}.Release|Any CPU.ActiveCfg = Release|Any CPU
		{3EC3F9B8-94DF-4BD5-8074-7B39A6834DA4}.Release|Any CPU.Build.0 = Release|Any CPU
	EndGlobalSection
	GlobalSection(SolutionProperties) = preSolution
		HideSolutionNode = FALSE
	EndGlobalSection
	GlobalSection(ExtensibilityGlobals) = postSolution
		SolutionGuid = {E88C85FC-48A6-4805-A86B-CD7F7F2B1934}
	EndGlobalSection
EndGlobal
