
Microsoft Visual Studio Solution File, Format Version 12.00
# Visual Studio Version 17
VisualStudioVersion = 17.5.002.0
MinimumVisualStudioVersion = 10.0.40219.1
Project("{9A19103F-16F7-4668-BE54-9A1E7A4F7556}") = "PythonNetExperiment", "PythonNetExperiment.csproj", "{D1851BA4-212D-4D32-BCAB-BC2F81BB5777}"
EndProject
Global
	GlobalSection(SolutionConfigurationPlatforms) = preSolution
		Debug|Any CPU = Debug|Any CPU
		Release|Any CPU = Release|Any CPU
	EndGlobalSection
	GlobalSection(ProjectConfigurationPlatforms) = postSolution
		{D1851BA4-212D-4D32-BCAB-BC2F81BB5777}.Debug|Any CPU.ActiveCfg = Debug|Any CPU
		{D1851BA4-212D-4D32-BCAB-BC2F81BB5777}.Debug|Any CPU.Build.0 = Debug|Any CPU
		{D1851BA4-212D-4D32-BCAB-BC2F81BB5777}.Release|Any CPU.ActiveCfg = Release|Any CPU
		{D1851BA4-212D-4D32-BCAB-BC2F81BB5777}.Release|Any CPU.Build.0 = Release|Any CPU
	EndGlobalSection
	GlobalSection(SolutionProperties) = preSolution
		HideSolutionNode = FALSE
	EndGlobalSection
	GlobalSection(ExtensibilityGlobals) = postSolution
		SolutionGuid = {43A602FA-083F-43F5-B1A0-E90D51E49CC8}
	EndGlobalSection
EndGlobal
